
Microsoft Visual Studio Solution File, Format Version 12.00
# Visual Studio Version 16
VisualStudioVersion = 16.0.32413.511
MinimumVisualStudioVersion = 10.0.40219.1
Project("{FAE04EC0-301F-11D3-BF4B-00C04F79EFBC}") = "othello", "othello\othello.csproj", "{2C898D77-33F6-4DEB-AFE2-595B6A43A7B7}"
EndProject
Global
	GlobalSection(SolutionConfigurationPlatforms) = preSolution
		Debug|Any CPU = Debug|Any CPU
		Release|Any CPU = Release|Any CPU
	EndGlobalSection
	GlobalSection(ProjectConfigurationPlatforms) = postSolution
		{2C898D77-33F6-4DEB-AFE2-595B6A43A7B7}.Debug|Any CPU.ActiveCfg = Debug|Any CPU
		{2C898D77-33F6-4DEB-AFE2-595B6A43A7B7}.Debug|Any CPU.Build.0 = Debug|Any CPU
		{2C898D77-33F6-4DEB-AFE2-595B6A43A7B7}.Release|Any CPU.ActiveCfg = Release|Any CPU
		{2C898D77-33F6-4DEB-AFE2-595B6A43A7B7}.Release|Any CPU.Build.0 = Release|Any CPU
	EndGlobalSection
	GlobalSection(SolutionProperties) = preSolution
		HideSolutionNode = FALSE
	EndGlobalSection
	GlobalSection(ExtensibilityGlobals) = postSolution
		SolutionGuid = {100ADF8D-16DD-48F8-A7E7-9AECB5172461}
	EndGlobalSection
EndGlobal
